
Microsoft Visual Studio Solution File, Format Version 12.00
# Visual Studio Version 17
VisualStudioVersion = 17.5.002.0
MinimumVisualStudioVersion = 10.0.40219.1
Project("{9A19103F-16F7-4668-BE54-9A1E7A4F7556}") = "DesafioFundamentos", "DesafioFundamentos.csproj", "{59E37987-11A9-4602-B008-78036D184061}"
EndProject
Global
	GlobalSection(SolutionConfigurationPlatforms) = preSolution
		Debug|Any CPU = Debug|Any CPU
		Release|Any CPU = Release|Any CPU
	EndGlobalSection
	GlobalSection(ProjectConfigurationPlatforms) = postSolution
		{59E37987-11A9-4602-B008-78036D184061}.Debug|Any CPU.ActiveCfg = Debug|Any CPU
		{59E37987-11A9-4602-B008-78036D184061}.Debug|Any CPU.Build.0 = Debug|Any CPU
		{59E37987-11A9-4602-B008-78036D184061}.Release|Any CPU.ActiveCfg = Release|Any CPU
		{59E37987-11A9-4602-B008-78036D184061}.Release|Any CPU.Build.0 = Release|Any CPU
	EndGlobalSection
	GlobalSection(SolutionProperties) = preSolution
		HideSolutionNode = FALSE
	EndGlobalSection
	GlobalSection(ExtensibilityGlobals) = postSolution
		SolutionGuid = {1E0C3605-1B46-42A2-B4B5-E498317C2738}
	EndGlobalSection
EndGlobal
